// !$*UTF8*$!
{
	archiveVersion = 1;
	classes = {
	};
	objectVersion = 46;
	objects = {

/* Begin PBXBuildFile section */
		45993C4B19BCBA7D0018E1C9 /* linkedin_logo.png in Resources */ = {isa = PBXBuildFile; fileRef = 45993C4A19BCBA7D0018E1C9 /* linkedin_logo.png */; };
		45993C4D19BCBBC40018E1C9 /* linkedInLogin.png in Resources */ = {isa = PBXBuildFile; fileRef = 45993C4C19BCBBC40018E1C9 /* linkedInLogin.png */; };
		45C2331619B6551300A85507 /* Foundation.framework in Frameworks */ = {isa = PBXBuildFile; fileRef = 45C2331519B6551300A85507 /* Foundation.framework */; };
		45C2331819B6551300A85507 /* CoreGraphics.framework in Frameworks */ = {isa = PBXBuildFile; fileRef = 45C2331719B6551300A85507 /* CoreGraphics.framework */; };
		45C2331A19B6551300A85507 /* UIKit.framework in Frameworks */ = {isa = PBXBuildFile; fileRef = 45C2331919B6551300A85507 /* UIKit.framework */; };
		45C2332019B6551300A85507 /* InfoPlist.strings in Resources */ = {isa = PBXBuildFile; fileRef = 45C2331E19B6551300A85507 /* InfoPlist.strings */; };
		45C2332219B6551300A85507 /* main.m in Sources */ = {isa = PBXBuildFile; fileRef = 45C2332119B6551300A85507 /* main.m */; };
		45C2332619B6551300A85507 /* AuthenticationAppDelegate.m in Sources */ = {isa = PBXBuildFile; fileRef = 45C2332519B6551300A85507 /* AuthenticationAppDelegate.m */; };
		45C2332919B6551300A85507 /* Main.storyboard in Resources */ = {isa = PBXBuildFile; fileRef = 45C2332719B6551300A85507 /* Main.storyboard */; };
		45C2332C19B6551300A85507 /* AuthenticationViewController.m in Sources */ = {isa = PBXBuildFile; fileRef = 45C2332B19B6551300A85507 /* AuthenticationViewController.m */; };
		45C2332E19B6551300A85507 /* Images.xcassets in Resources */ = {isa = PBXBuildFile; fileRef = 45C2332D19B6551300A85507 /* Images.xcassets */; };
		45C2333519B6551300A85507 /* XCTest.framework in Frameworks */ = {isa = PBXBuildFile; fileRef = 45C2333419B6551300A85507 /* XCTest.framework */; };
		45C2333619B6551300A85507 /* Foundation.framework in Frameworks */ = {isa = PBXBuildFile; fileRef = 45C2331519B6551300A85507 /* Foundation.framework */; };
		45C2333719B6551300A85507 /* UIKit.framework in Frameworks */ = {isa = PBXBuildFile; fileRef = 45C2331919B6551300A85507 /* UIKit.framework */; };
		45C2333F19B6551300A85507 /* InfoPlist.strings in Resources */ = {isa = PBXBuildFile; fileRef = 45C2333D19B6551300A85507 /* InfoPlist.strings */; };
		45C2334119B6551300A85507 /* Library_DemoTests.m in Sources */ = {isa = PBXBuildFile; fileRef = 45C2334019B6551300A85507 /* Library_DemoTests.m */; };
		45C2335D19B659A100A85507 /* INLinkedInAuthenticationManager.m in Sources */ = {isa = PBXBuildFile; fileRef = 45C2335819B659A100A85507 /* INLinkedInAuthenticationManager.m */; };
		45C2335E19B659A100A85507 /* INLinkedInAuthenticationViewController.m in Sources */ = {isa = PBXBuildFile; fileRef = 45C2335A19B659A100A85507 /* INLinkedInAuthenticationViewController.m */; };
		45C2336819B66C5B00A85507 /* 1409707126_circle_close_delete-128.png in Resources */ = {isa = PBXBuildFile; fileRef = 45C2336619B66C5B00A85507 /* 1409707126_circle_close_delete-128.png */; };
/* End PBXBuildFile section */

/* Begin PBXContainerItemProxy section */
		45C2333819B6551300A85507 /* PBXContainerItemProxy */ = {
			isa = PBXContainerItemProxy;
			containerPortal = 45C2330A19B6551200A85507 /* Project object */;
			proxyType = 1;
			remoteGlobalIDString = 45C2331119B6551300A85507;
			remoteInfo = "Library Demo";
		};
/* End PBXContainerItemProxy section */

/* Begin PBXFileReference section */
		45993C4A19BCBA7D0018E1C9 /* linkedin_logo.png */ = {isa = PBXFileReference; lastKnownFileType = image.png; path = linkedin_logo.png; sourceTree = "<group>"; };
		45993C4C19BCBBC40018E1C9 /* linkedInLogin.png */ = {isa = PBXFileReference; lastKnownFileType = image.png; path = linkedInLogin.png; sourceTree = "<group>"; };
		45C2331219B6551300A85507 /* Library Demo.app */ = {isa = PBXFileReference; explicitFileType = wrapper.application; includeInIndex = 0; path = "Library Demo.app"; sourceTree = BUILT_PRODUCTS_DIR; };
		45C2331519B6551300A85507 /* Foundation.framework */ = {isa = PBXFileReference; lastKnownFileType = wrapper.framework; name = Foundation.framework; path = System/Library/Frameworks/Foundation.framework; sourceTree = SDKROOT; };
		45C2331719B6551300A85507 /* CoreGraphics.framework */ = {isa = PBXFileReference; lastKnownFileType = wrapper.framework; name = CoreGraphics.framework; path = System/Library/Frameworks/CoreGraphics.framework; sourceTree = SDKROOT; };
		45C2331919B6551300A85507 /* UIKit.framework */ = {isa = PBXFileReference; lastKnownFileType = wrapper.framework; name = UIKit.framework; path = System/Library/Frameworks/UIKit.framework; sourceTree = SDKROOT; };
		45C2331D19B6551300A85507 /* Library Demo-Info.plist */ = {isa = PBXFileReference; lastKnownFileType = text.plist.xml; path = "Library Demo-Info.plist"; sourceTree = "<group>"; };
		45C2331F19B6551300A85507 /* en */ = {isa = PBXFileReference; lastKnownFileType = text.plist.strings; name = en; path = en.lproj/InfoPlist.strings; sourceTree = "<group>"; };
		45C2332119B6551300A85507 /* main.m */ = {isa = PBXFileReference; lastKnownFileType = sourcecode.c.objc; path = main.m; sourceTree = "<group>"; };
		45C2332319B6551300A85507 /* Library Demo-Prefix.pch */ = {isa = PBXFileReference; lastKnownFileType = sourcecode.c.h; path = "Library Demo-Prefix.pch"; sourceTree = "<group>"; };
		45C2332419B6551300A85507 /* AuthenticationAppDelegate.h */ = {isa = PBXFileReference; lastKnownFileType = sourcecode.c.h; path = AuthenticationAppDelegate.h; sourceTree = "<group>"; };
		45C2332519B6551300A85507 /* AuthenticationAppDelegate.m */ = {isa = PBXFileReference; lastKnownFileType = sourcecode.c.objc; path = AuthenticationAppDelegate.m; sourceTree = "<group>"; };
		45C2332819B6551300A85507 /* Base */ = {isa = PBXFileReference; lastKnownFileType = file.storyboard; name = Base; path = Base.lproj/Main.storyboard; sourceTree = "<group>"; };
		45C2332A19B6551300A85507 /* AuthenticationViewController.h */ = {isa = PBXFileReference; lastKnownFileType = sourcecode.c.h; path = AuthenticationViewController.h; sourceTree = "<group>"; };
		45C2332B19B6551300A85507 /* AuthenticationViewController.m */ = {isa = PBXFileReference; lastKnownFileType = sourcecode.c.objc; path = AuthenticationViewController.m; sourceTree = "<group>"; };
		45C2332D19B6551300A85507 /* Images.xcassets */ = {isa = PBXFileReference; lastKnownFileType = folder.assetcatalog; path = Images.xcassets; sourceTree = "<group>"; };
		45C2333319B6551300A85507 /* Library DemoTests.xctest */ = {isa = PBXFileReference; explicitFileType = wrapper.cfbundle; includeInIndex = 0; path = "Library DemoTests.xctest"; sourceTree = BUILT_PRODUCTS_DIR; };
		45C2333419B6551300A85507 /* XCTest.framework */ = {isa = PBXFileReference; lastKnownFileType = wrapper.framework; name = XCTest.framework; path = Library/Frameworks/XCTest.framework; sourceTree = DEVELOPER_DIR; };
		45C2333C19B6551300A85507 /* Library DemoTests-Info.plist */ = {isa = PBXFileReference; lastKnownFileType = text.plist.xml; path = "Library DemoTests-Info.plist"; sourceTree = "<group>"; };
		45C2333E19B6551300A85507 /* en */ = {isa = PBXFileReference; lastKnownFileType = text.plist.strings; name = en; path = en.lproj/InfoPlist.strings; sourceTree = "<group>"; };
		45C2334019B6551300A85507 /* Library_DemoTests.m */ = {isa = PBXFileReference; lastKnownFileType = sourcecode.c.objc; path = Library_DemoTests.m; sourceTree = "<group>"; };
		45C2335719B659A100A85507 /* INLinkedInAuthenticationManager.h */ = {isa = PBXFileReference; fileEncoding = 4; lastKnownFileType = sourcecode.c.h; path = INLinkedInAuthenticationManager.h; sourceTree = "<group>"; };
		45C2335819B659A100A85507 /* INLinkedInAuthenticationManager.m */ = {isa = PBXFileReference; fileEncoding = 4; lastKnownFileType = sourcecode.c.objc; path = INLinkedInAuthenticationManager.m; sourceTree = "<group>"; };
		45C2335919B659A100A85507 /* INLinkedInAuthenticationViewController.h */ = {isa = PBXFileReference; fileEncoding = 4; lastKnownFileType = sourcecode.c.h; path = INLinkedInAuthenticationViewController.h; sourceTree = "<group>"; };
		45C2335A19B659A100A85507 /* INLinkedInAuthenticationViewController.m */ = {isa = PBXFileReference; fileEncoding = 4; lastKnownFileType = sourcecode.c.objc; path = INLinkedInAuthenticationViewController.m; sourceTree = "<group>"; };
		45C2335B19B659A100A85507 /* INLinkedInConfig.h */ = {isa = PBXFileReference; fileEncoding = 4; lastKnownFileType = sourcecode.c.h; path = INLinkedInConfig.h; sourceTree = "<group>"; };
		45C2335C19B659A100A85507 /* INLinkedInResponseDelegate.h */ = {isa = PBXFileReference; fileEncoding = 4; lastKnownFileType = sourcecode.c.h; path = INLinkedInResponseDelegate.h; sourceTree = "<group>"; };
		45C2336619B66C5B00A85507 /* 1409707126_circle_close_delete-128.png */ = {isa = PBXFileReference; lastKnownFileType = image.png; path = "1409707126_circle_close_delete-128.png"; sourceTree = "<group>"; };
/* End PBXFileReference section */

/* Begin PBXFrameworksBuildPhase section */
		45C2330F19B6551300A85507 /* Frameworks */ = {
			isa = PBXFrameworksBuildPhase;
			buildActionMask = 2147483647;
			files = (
				45C2331819B6551300A85507 /* CoreGraphics.framework in Frameworks */,
				45C2331A19B6551300A85507 /* UIKit.framework in Frameworks */,
				45C2331619B6551300A85507 /* Foundation.framework in Frameworks */,
			);
			runOnlyForDeploymentPostprocessing = 0;
		};
		45C2333019B6551300A85507 /* Frameworks */ = {
			isa = PBXFrameworksBuildPhase;
			buildActionMask = 2147483647;
			files = (
				45C2333519B6551300A85507 /* XCTest.framework in Frameworks */,
				45C2333719B6551300A85507 /* UIKit.framework in Frameworks */,
				45C2333619B6551300A85507 /* Foundation.framework in Frameworks */,
			);
			runOnlyForDeploymentPostprocessing = 0;
		};
/* End PBXFrameworksBuildPhase section */

/* Begin PBXGroup section */
		45C2330919B6551200A85507 = {
			isa = PBXGroup;
			children = (
				45C2331B19B6551300A85507 /* Library Demo */,
				45C2333A19B6551300A85507 /* Library DemoTests */,
				45C2331419B6551300A85507 /* Frameworks */,
				45C2331319B6551300A85507 /* Products */,
			);
			sourceTree = "<group>";
		};
		45C2331319B6551300A85507 /* Products */ = {
			isa = PBXGroup;
			children = (
				45C2331219B6551300A85507 /* Library Demo.app */,
				45C2333319B6551300A85507 /* Library DemoTests.xctest */,
			);
			name = Products;
			sourceTree = "<group>";
		};
		45C2331419B6551300A85507 /* Frameworks */ = {
			isa = PBXGroup;
			children = (
				45C2331519B6551300A85507 /* Foundation.framework */,
				45C2331719B6551300A85507 /* CoreGraphics.framework */,
				45C2331919B6551300A85507 /* UIKit.framework */,
				45C2333419B6551300A85507 /* XCTest.framework */,
			);
			name = Frameworks;
			sourceTree = "<group>";
		};
		45C2331B19B6551300A85507 /* Library Demo */ = {
			isa = PBXGroup;
			children = (
				45C2334A19B6560900A85507 /* lib */,
				45C2332419B6551300A85507 /* AuthenticationAppDelegate.h */,
				45C2332519B6551300A85507 /* AuthenticationAppDelegate.m */,
				45C2332719B6551300A85507 /* Main.storyboard */,
				45C2332A19B6551300A85507 /* AuthenticationViewController.h */,
				45C2332B19B6551300A85507 /* AuthenticationViewController.m */,
				45993C4C19BCBBC40018E1C9 /* linkedInLogin.png */,
				45993C4A19BCBA7D0018E1C9 /* linkedin_logo.png */,
				45C2336619B66C5B00A85507 /* 1409707126_circle_close_delete-128.png */,
				45C2332D19B6551300A85507 /* Images.xcassets */,
				45C2331C19B6551300A85507 /* Supporting Files */,
			);
			path = "Library Demo";
			sourceTree = "<group>";
		};
		45C2331C19B6551300A85507 /* Supporting Files */ = {
			isa = PBXGroup;
			children = (
				45C2331D19B6551300A85507 /* Library Demo-Info.plist */,
				45C2331E19B6551300A85507 /* InfoPlist.strings */,
				45C2332119B6551300A85507 /* main.m */,
				45C2332319B6551300A85507 /* Library Demo-Prefix.pch */,
			);
			name = "Supporting Files";
			sourceTree = "<group>";
		};
		45C2333A19B6551300A85507 /* Library DemoTests */ = {
			isa = PBXGroup;
			children = (
				45C2334019B6551300A85507 /* Library_DemoTests.m */,
				45C2333B19B6551300A85507 /* Supporting Files */,
			);
			path = "Library DemoTests";
			sourceTree = "<group>";
		};
		45C2333B19B6551300A85507 /* Supporting Files */ = {
			isa = PBXGroup;
			children = (
				45C2333C19B6551300A85507 /* Library DemoTests-Info.plist */,
				45C2333D19B6551300A85507 /* InfoPlist.strings */,
			);
			name = "Supporting Files";
			sourceTree = "<group>";
		};
		45C2334A19B6560900A85507 /* lib */ = {
			isa = PBXGroup;
			children = (
				45C2335619B659A100A85507 /* LinkedIn Authentication */,
			);
			path = lib;
			sourceTree = "<group>";
		};
		45C2335619B659A100A85507 /* LinkedIn Authentication */ = {
			isa = PBXGroup;
			children = (
				45C2335719B659A100A85507 /* INLinkedInAuthenticationManager.h */,
				45C2335819B659A100A85507 /* INLinkedInAuthenticationManager.m */,
				45C2335919B659A100A85507 /* INLinkedInAuthenticationViewController.h */,
				45C2335A19B659A100A85507 /* INLinkedInAuthenticationViewController.m */,
				45C2335B19B659A100A85507 /* INLinkedInConfig.h */,
				45C2335C19B659A100A85507 /* INLinkedInResponseDelegate.h */,
			);
			path = "LinkedIn Authentication";
			sourceTree = "<group>";
		};
/* End PBXGroup section */

/* Begin PBXNativeTarget section */
		45C2331119B6551300A85507 /* Library Demo */ = {
			isa = PBXNativeTarget;
			buildConfigurationList = 45C2334419B6551300A85507 /* Build configuration list for PBXNativeTarget "Library Demo" */;
			buildPhases = (
				45C2330E19B6551300A85507 /* Sources */,
				45C2330F19B6551300A85507 /* Frameworks */,
				45C2331019B6551300A85507 /* Resources */,
			);
			buildRules = (
			);
			dependencies = (
			);
			name = "Library Demo";
			productName = "Library Demo";
			productReference = 45C2331219B6551300A85507 /* Library Demo.app */;
			productType = "com.apple.product-type.application";
		};
		45C2333219B6551300A85507 /* Library DemoTests */ = {
			isa = PBXNativeTarget;
			buildConfigurationList = 45C2334719B6551300A85507 /* Build configuration list for PBXNativeTarget "Library DemoTests" */;
			buildPhases = (
				45C2332F19B6551300A85507 /* Sources */,
				45C2333019B6551300A85507 /* Frameworks */,
				45C2333119B6551300A85507 /* Resources */,
			);
			buildRules = (
			);
			dependencies = (
				45C2333919B6551300A85507 /* PBXTargetDependency */,
			);
			name = "Library DemoTests";
			productName = "Library DemoTests";
			productReference = 45C2333319B6551300A85507 /* Library DemoTests.xctest */;
			productType = "com.apple.product-type.bundle.unit-test";
		};
/* End PBXNativeTarget section */

/* Begin PBXProject section */
		45C2330A19B6551200A85507 /* Project object */ = {
			isa = PBXProject;
			attributes = {
				CLASSPREFIX = authentication;
				LastUpgradeCheck = 0500;
				ORGANIZATIONNAME = Inova;
				TargetAttributes = {
					45C2333219B6551300A85507 = {
						TestTargetID = 45C2331119B6551300A85507;
					};
				};
			};
			buildConfigurationList = 45C2330D19B6551200A85507 /* Build configuration list for PBXProject "Library Demo" */;
			compatibilityVersion = "Xcode 3.2";
			developmentRegion = English;
			hasScannedForEncodings = 0;
			knownRegions = (
				en,
				Base,
			);
			mainGroup = 45C2330919B6551200A85507;
			productRefGroup = 45C2331319B6551300A85507 /* Products */;
			projectDirPath = "";
			projectRoot = "";
			targets = (
				45C2331119B6551300A85507 /* Library Demo */,
				45C2333219B6551300A85507 /* Library DemoTests */,
			);
		};
/* End PBXProject section */

/* Begin PBXResourcesBuildPhase section */
		45C2331019B6551300A85507 /* Resources */ = {
			isa = PBXResourcesBuildPhase;
			buildActionMask = 2147483647;
			files = (
				45C2332E19B6551300A85507 /* Images.xcassets in Resources */,
				45993C4D19BCBBC40018E1C9 /* linkedInLogin.png in Resources */,
				45993C4B19BCBA7D0018E1C9 /* linkedin_logo.png in Resources */,
				45C2332019B6551300A85507 /* InfoPlist.strings in Resources */,
				45C2332919B6551300A85507 /* Main.storyboard in Resources */,
				45C2336819B66C5B00A85507 /* 1409707126_circle_close_delete-128.png in Resources */,
			);
			runOnlyForDeploymentPostprocessing = 0;
		};
		45C2333119B6551300A85507 /* Resources */ = {
			isa = PBXResourcesBuildPhase;
			buildActionMask = 2147483647;
			files = (
				45C2333F19B6551300A85507 /* InfoPlist.strings in Resources */,
			);
			runOnlyForDeploymentPostprocessing = 0;
		};
/* End PBXResourcesBuildPhase section */

/* Begin PBXSourcesBuildPhase section */
		45C2330E19B6551300A85507 /* Sources */ = {
			isa = PBXSourcesBuildPhase;
			buildActionMask = 2147483647;
			files = (
				45C2335D19B659A100A85507 /* INLinkedInAuthenticationManager.m in Sources */,
				45C2332C19B6551300A85507 /* AuthenticationViewController.m in Sources */,
				45C2332619B6551300A85507 /* AuthenticationAppDelegate.m in Sources */,
				45C2332219B6551300A85507 /* main.m in Sources */,
				45C2335E19B659A100A85507 /* INLinkedInAuthenticationViewController.m in Sources */,
			);
			runOnlyForDeploymentPostprocessing = 0;
		};
		45C2332F19B6551300A85507 /* Sources */ = {
			isa = PBXSourcesBuildPhase;
			buildActionMask = 2147483647;
			files = (
				45C2334119B6551300A85507 /* Library_DemoTests.m in Sources */,
			);
			runOnlyForDeploymentPostprocessing = 0;
		};
/* End PBXSourcesBuildPhase section */

/* Begin PBXTargetDependency section */
		45C2333919B6551300A85507 /* PBXTargetDependency */ = {
			isa = PBXTargetDependency;
			target = 45C2331119B6551300A85507 /* Library Demo */;
			targetProxy = 45C2333819B6551300A85507 /* PBXContainerItemProxy */;
		};
/* End PBXTargetDependency section */

/* Begin PBXVariantGroup section */
		45C2331E19B6551300A85507 /* InfoPlist.strings */ = {
			isa = PBXVariantGroup;
			children = (
				45C2331F19B6551300A85507 /* en */,
			);
			name = InfoPlist.strings;
			sourceTree = "<group>";
		};
		45C2332719B6551300A85507 /* Main.storyboard */ = {
			isa = PBXVariantGroup;
			children = (
				45C2332819B6551300A85507 /* Base */,
			);
			name = Main.storyboard;
			sourceTree = "<group>";
		};
		45C2333D19B6551300A85507 /* InfoPlist.strings */ = {
			isa = PBXVariantGroup;
			children = (
				45C2333E19B6551300A85507 /* en */,
			);
			name = InfoPlist.strings;
			sourceTree = "<group>";
		};
/* End PBXVariantGroup section */

/* Begin XCBuildConfiguration section */
		45C2334219B6551300A85507 /* Debug */ = {
			isa = XCBuildConfiguration;
			buildSettings = {
				ALWAYS_SEARCH_USER_PATHS = NO;
				ARCHS = "$(ARCHS_STANDARD_INCLUDING_64_BIT)";
				CLANG_CXX_LANGUAGE_STANDARD = "gnu++0x";
				CLANG_CXX_LIBRARY = "libc++";
				CLANG_ENABLE_MODULES = YES;
				CLANG_ENABLE_OBJC_ARC = YES;
				CLANG_WARN_BOOL_CONVERSION = YES;
				CLANG_WARN_CONSTANT_CONVERSION = YES;
				CLANG_WARN_DIRECT_OBJC_ISA_USAGE = YES_ERROR;
				CLANG_WARN_EMPTY_BODY = YES;
				CLANG_WARN_ENUM_CONVERSION = YES;
				CLANG_WARN_INT_CONVERSION = YES;
				CLANG_WARN_OBJC_ROOT_CLASS = YES_ERROR;
				CLANG_WARN__DUPLICATE_METHOD_MATCH = YES;
				"CODE_SIGN_IDENTITY[sdk=iphoneos*]" = "iPhone Developer";
				COPY_PHASE_STRIP = NO;
				GCC_C_LANGUAGE_STANDARD = gnu99;
				GCC_DYNAMIC_NO_PIC = NO;
				GCC_OPTIMIZATION_LEVEL = 0;
				GCC_PREPROCESSOR_DEFINITIONS = (
					"DEBUG=1",
					"$(inherited)",
				);
				GCC_SYMBOLS_PRIVATE_EXTERN = NO;
				GCC_WARN_64_TO_32_BIT_CONVERSION = YES;
				GCC_WARN_ABOUT_RETURN_TYPE = YES_ERROR;
				GCC_WARN_UNDECLARED_SELECTOR = YES;
				GCC_WARN_UNINITIALIZED_AUTOS = YES;
				GCC_WARN_UNUSED_FUNCTION = YES;
				GCC_WARN_UNUSED_VARIABLE = YES;
				IPHONEOS_DEPLOYMENT_TARGET = 7.0;
				ONLY_ACTIVE_ARCH = YES;
				SDKROOT = iphoneos;
			};
			name = Debug;
		};
		45C2334319B6551300A85507 /* Release */ = {
			isa = XCBuildConfiguration;
			buildSettings = {
				ALWAYS_SEARCH_USER_PATHS = NO;
				ARCHS = "$(ARCHS_STANDARD_INCLUDING_64_BIT)";
				CLANG_CXX_LANGUAGE_STANDARD = "gnu++0x";
				CLANG_CXX_LIBRARY = "libc++";
				CLANG_ENABLE_MODULES = YES;
				CLANG_ENABLE_OBJC_ARC = YES;
				CLANG_WARN_BOOL_CONVERSION = YES;
				CLANG_WARN_CONSTANT_CONVERSION = YES;
				CLANG_WARN_DIRECT_OBJC_ISA_USAGE = YES_ERROR;
				CLANG_WARN_EMPTY_BODY = YES;
				CLANG_WARN_ENUM_CONVERSION = YES;
				CLANG_WARN_INT_CONVERSION = YES;
				CLANG_WARN_OBJC_ROOT_CLASS = YES_ERROR;
				CLANG_WARN__DUPLICATE_METHOD_MATCH = YES;
				"CODE_SIGN_IDENTITY[sdk=iphoneos*]" = "iPhone Developer";
				COPY_PHASE_STRIP = YES;
				ENABLE_NS_ASSERTIONS = NO;
				GCC_C_LANGUAGE_STANDARD = gnu99;
				GCC_WARN_64_TO_32_BIT_CONVERSION = YES;
				GCC_WARN_ABOUT_RETURN_TYPE = YES_ERROR;
				GCC_WARN_UNDECLARED_SELECTOR = YES;
				GCC_WARN_UNINITIALIZED_AUTOS = YES;
				GCC_WARN_UNUSED_FUNCTION = YES;
				GCC_WARN_UNUSED_VARIABLE = YES;
				IPHONEOS_DEPLOYMENT_TARGET = 7.0;
				SDKROOT = iphoneos;
				VALIDATE_PRODUCT = YES;
			};
			name = Release;
		};
		45C2334519B6551300A85507 /* Debug */ = {
			isa = XCBuildConfiguration;
			buildSettings = {
				ASSETCATALOG_COMPILER_APPICON_NAME = AppIcon;
				ASSETCATALOG_COMPILER_LAUNCHIMAGE_NAME = LaunchImage;
				GCC_PRECOMPILE_PREFIX_HEADER = YES;
				GCC_PREFIX_HEADER = "Library Demo/Library Demo-Prefix.pch";
				INFOPLIST_FILE = "Library Demo/Library Demo-Info.plist";
				PRODUCT_NAME = "$(TARGET_NAME)";
				WRAPPER_EXTENSION = app;
			};
			name = Debug;
		};
		45C2334619B6551300A85507 /* Release */ = {
			isa = XCBuildConfiguration;
			buildSettings = {
				ASSETCATALOG_COMPILER_APPICON_NAME = AppIcon;
				ASSETCATALOG_COMPILER_LAUNCHIMAGE_NAME = LaunchImage;
				GCC_PRECOMPILE_PREFIX_HEADER = YES;
				GCC_PREFIX_HEADER = "Library Demo/Library Demo-Prefix.pch";
				INFOPLIST_FILE = "Library Demo/Library Demo-Info.plist";
				PRODUCT_NAME = "$(TARGET_NAME)";
				WRAPPER_EXTENSION = app;
			};
			name = Release;
		};
		45C2334819B6551300A85507 /* Debug */ = {
			isa = XCBuildConfiguration;
			buildSettings = {
				ARCHS = "$(ARCHS_STANDARD_INCLUDING_64_BIT)";
				BUNDLE_LOADER = "$(BUILT_PRODUCTS_DIR)/Library Demo.app/Library Demo";
				FRAMEWORK_SEARCH_PATHS = (
					"$(SDKROOT)/Developer/Library/Frameworks",
					"$(inherited)",
					"$(DEVELOPER_FRAMEWORKS_DIR)",
				);
				GCC_PRECOMPILE_PREFIX_HEADER = YES;
				GCC_PREFIX_HEADER = "Library Demo/Library Demo-Prefix.pch";
				GCC_PREPROCESSOR_DEFINITIONS = (
					"DEBUG=1",
					"$(inherited)",
				);
				INFOPLIST_FILE = "Library DemoTests/Library DemoTests-Info.plist";
				PRODUCT_NAME = "$(TARGET_NAME)";
				TEST_HOST = "$(BUNDLE_LOADER)";
				WRAPPER_EXTENSION = xctest;
			};
			name = Debug;
		};
		45C2334919B6551300A85507 /* Release */ = {
			isa = XCBuildConfiguration;
			buildSettings = {
				ARCHS = "$(ARCHS_STANDARD_INCLUDING_64_BIT)";
				BUNDLE_LOADER = "$(BUILT_PRODUCTS_DIR)/Library Demo.app/Library Demo";
				FRAMEWORK_SEARCH_PATHS = (
					"$(SDKROOT)/Developer/Library/Frameworks",
					"$(inherited)",
					"$(DEVELOPER_FRAMEWORKS_DIR)",
				);
				GCC_PRECOMPILE_PREFIX_HEADER = YES;
				GCC_PREFIX_HEADER = "Library Demo/Library Demo-Prefix.pch";
				INFOPLIST_FILE = "Library DemoTests/Library DemoTests-Info.plist";
				PRODUCT_NAME = "$(TARGET_NAME)";
				TEST_HOST = "$(BUNDLE_LOADER)";
				WRAPPER_EXTENSION = xctest;
			};
			name = Release;
		};
/* End XCBuildConfiguration section */

/* Begin XCConfigurationList section */
		45C2330D19B6551200A85507 /* Build configuration list for PBXProject "Library Demo" */ = {
			isa = XCConfigurationList;
			buildConfigurations = (
				45C2334219B6551300A85507 /* Debug */,
				45C2334319B6551300A85507 /* Release */,
			);
			defaultConfigurationIsVisible = 0;
			defaultConfigurationName = Release;
		};
		45C2334419B6551300A85507 /* Build configuration list for PBXNativeTarget "Library Demo" */ = {
			isa = XCConfigurationList;
			buildConfigurations = (
				45C2334519B6551300A85507 /* Debug */,
				45C2334619B6551300A85507 /* Release */,
			);
			defaultConfigurationIsVisible = 0;
			defaultConfigurationName = Release;
		};
		45C2334719B6551300A85507 /* Build configuration list for PBXNativeTarget "Library DemoTests" */ = {
			isa = XCConfigurationList;
			buildConfigurations = (
				45C2334819B6551300A85507 /* Debug */,
				45C2334919B6551300A85507 /* Release */,
			);
			defaultConfigurationIsVisible = 0;
			defaultConfigurationName = Release;
		};
/* End XCConfigurationList section */
	};
	rootObject = 45C2330A19B6551200A85507 /* Project object */;
}
